// !$*UTF8*$!
{
	archiveVersion = 1;
	classes = {
	};
	objectVersion = 56;
	objects = {

/* Begin PBXBuildFile section */
		224A45AB2CE3B76C00CAC233 /* LikedHeroesListPresenter.swift in Sources */ = {isa = PBXBuildFile; fileRef = 224A45AA2CE3B76C00CAC233 /* LikedHeroesListPresenter.swift */; };
		224A45AD2CE3B77A00CAC233 /* LikedHeroesListInteractor.swift in Sources */ = {isa = PBXBuildFile; fileRef = 224A45AC2CE3B77A00CAC233 /* LikedHeroesListInteractor.swift */; };
		224A45AF2CE3B79000CAC233 /* LikedHeroesListRouter.swift in Sources */ = {isa = PBXBuildFile; fileRef = 224A45AE2CE3B79000CAC233 /* LikedHeroesListRouter.swift */; };
		224A45B12CE3BF9000CAC233 /* LikedHeroListConfigurator.swift in Sources */ = {isa = PBXBuildFile; fileRef = 224A45B02CE3BF9000CAC233 /* LikedHeroListConfigurator.swift */; };
		229956592D27F91D00A42BDE /* DataManager.swift in Sources */ = {isa = PBXBuildFile; fileRef = 229956582D27F91D00A42BDE /* DataManager.swift */; };
		2299565B2D2811AD00A42BDE /* RealmSwift in Frameworks */ = {isa = PBXBuildFile; productRef = 2299565A2D2811AD00A42BDE /* RealmSwift */; };
		2299565D2D2811BA00A42BDE /* Alamofire in Frameworks */ = {isa = PBXBuildFile; productRef = 2299565C2D2811BA00A42BDE /* Alamofire */; };
		22FA7F472CDCF35A004B1690 /* AppDelegate.swift in Sources */ = {isa = PBXBuildFile; fileRef = 22FA7F462CDCF35A004B1690 /* AppDelegate.swift */; };
		22FA7F492CDCF35A004B1690 /* SceneDelegate.swift in Sources */ = {isa = PBXBuildFile; fileRef = 22FA7F482CDCF35A004B1690 /* SceneDelegate.swift */; };
		22FA7F4B2CDCF35A004B1690 /* ViewController.swift in Sources */ = {isa = PBXBuildFile; fileRef = 22FA7F4A2CDCF35A004B1690 /* ViewController.swift */; };
		22FA7F4E2CDCF35A004B1690 /* Base in Resources */ = {isa = PBXBuildFile; fileRef = 22FA7F4D2CDCF35A004B1690 /* Base */; };
		22FA7F502CDCF35C004B1690 /* Assets.xcassets in Resources */ = {isa = PBXBuildFile; fileRef = 22FA7F4F2CDCF35C004B1690 /* Assets.xcassets */; };
		22FA7F532CDCF35C004B1690 /* Base in Resources */ = {isa = PBXBuildFile; fileRef = 22FA7F522CDCF35C004B1690 /* Base */; };
		22FA7F632CDCF7A9004B1690 /* HeroesListViewController.swift in Sources */ = {isa = PBXBuildFile; fileRef = 22FA7F622CDCF7A9004B1690 /* HeroesListViewController.swift */; };
		22FA7F652CDCF7BD004B1690 /* HeroesListPresenter.swift in Sources */ = {isa = PBXBuildFile; fileRef = 22FA7F642CDCF7BC004B1690 /* HeroesListPresenter.swift */; };
		22FA7F672CDCF7CE004B1690 /* HeroesListInteractor.swift in Sources */ = {isa = PBXBuildFile; fileRef = 22FA7F662CDCF7CE004B1690 /* HeroesListInteractor.swift */; };
		22FA7F692CDCF7DF004B1690 /* HeroesListRouter.swift in Sources */ = {isa = PBXBuildFile; fileRef = 22FA7F682CDCF7DF004B1690 /* HeroesListRouter.swift */; };
		22FA7F6B2CDCF7F1004B1690 /* HeroesListConfigurator.swift in Sources */ = {isa = PBXBuildFile; fileRef = 22FA7F6A2CDCF7F1004B1690 /* HeroesListConfigurator.swift */; };
		22FA7F6D2CDCF805004B1690 /* NetworkManager.swift in Sources */ = {isa = PBXBuildFile; fileRef = 22FA7F6C2CDCF805004B1690 /* NetworkManager.swift */; };
		22FA7F6F2CDCF80F004B1690 /* StorageManager.swift in Sources */ = {isa = PBXBuildFile; fileRef = 22FA7F6E2CDCF80F004B1690 /* StorageManager.swift */; };
		22FA7F712CDCFAD4004B1690 /* HeroCell.swift in Sources */ = {isa = PBXBuildFile; fileRef = 22FA7F702CDCFAD4004B1690 /* HeroCell.swift */; };
		22FA7F732CDCFC1B004B1690 /* Hero.swift in Sources */ = {isa = PBXBuildFile; fileRef = 22FA7F722CDCFC1B004B1690 /* Hero.swift */; };
		22FA7F7B2CDD0380004B1690 /* HeroCellPresenter.swift in Sources */ = {isa = PBXBuildFile; fileRef = 22FA7F7A2CDD0380004B1690 /* HeroCellPresenter.swift */; };
		22FA7F7D2CDD038C004B1690 /* HeroCellInteractor.swift in Sources */ = {isa = PBXBuildFile; fileRef = 22FA7F7C2CDD038C004B1690 /* HeroCellInteractor.swift */; };
		22FA7F832CDD11CC004B1690 /* HeroCellConfigurator.swift in Sources */ = {isa = PBXBuildFile; fileRef = 22FA7F822CDD11CC004B1690 /* HeroCellConfigurator.swift */; };
		22FA7F852CDD34FB004B1690 /* HeroDetailsViewController.swift in Sources */ = {isa = PBXBuildFile; fileRef = 22FA7F842CDD34FB004B1690 /* HeroDetailsViewController.swift */; };
		22FA7F872CDD3512004B1690 /* HeroDetailsPresenter.swift in Sources */ = {isa = PBXBuildFile; fileRef = 22FA7F862CDD3512004B1690 /* HeroDetailsPresenter.swift */; };
		22FA7F892CDD3529004B1690 /* HeroDetailsInteractor.swift in Sources */ = {isa = PBXBuildFile; fileRef = 22FA7F882CDD3529004B1690 /* HeroDetailsInteractor.swift */; };
		22FA7F8C2CDD3544004B1690 /* HeroDetailsConfigurator.swift in Sources */ = {isa = PBXBuildFile; fileRef = 22FA7F8B2CDD3544004B1690 /* HeroDetailsConfigurator.swift */; };
		22FA7FA42CE24B76004B1690 /* LikedHeroesListViewController.swift in Sources */ = {isa = PBXBuildFile; fileRef = 22FA7FA32CE24B76004B1690 /* LikedHeroesListViewController.swift */; };
/* End PBXBuildFile section */

/* Begin PBXFileReference section */
		224A45AA2CE3B76C00CAC233 /* LikedHeroesListPresenter.swift */ = {isa = PBXFileReference; lastKnownFileType = sourcecode.swift; path = LikedHeroesListPresenter.swift; sourceTree = "<group>"; };
		224A45AC2CE3B77A00CAC233 /* LikedHeroesListInteractor.swift */ = {isa = PBXFileReference; lastKnownFileType = sourcecode.swift; path = LikedHeroesListInteractor.swift; sourceTree = "<group>"; };
		224A45AE2CE3B79000CAC233 /* LikedHeroesListRouter.swift */ = {isa = PBXFileReference; lastKnownFileType = sourcecode.swift; path = LikedHeroesListRouter.swift; sourceTree = "<group>"; };
		224A45B02CE3BF9000CAC233 /* LikedHeroListConfigurator.swift */ = {isa = PBXFileReference; lastKnownFileType = sourcecode.swift; path = LikedHeroListConfigurator.swift; sourceTree = "<group>"; };
		229956582D27F91D00A42BDE /* DataManager.swift */ = {isa = PBXFileReference; lastKnownFileType = sourcecode.swift; path = DataManager.swift; sourceTree = "<group>"; };
		22FA7F432CDCF35A004B1690 /* OverwatchHeroesInfo.app */ = {isa = PBXFileReference; explicitFileType = wrapper.application; includeInIndex = 0; path = OverwatchHeroesInfo.app; sourceTree = BUILT_PRODUCTS_DIR; };
		22FA7F462CDCF35A004B1690 /* AppDelegate.swift */ = {isa = PBXFileReference; lastKnownFileType = sourcecode.swift; name = AppDelegate.swift; path = ../AppDelegate.swift; sourceTree = "<group>"; };
		22FA7F482CDCF35A004B1690 /* SceneDelegate.swift */ = {isa = PBXFileReference; lastKnownFileType = sourcecode.swift; name = SceneDelegate.swift; path = ../SceneDelegate.swift; sourceTree = "<group>"; };
		22FA7F4A2CDCF35A004B1690 /* ViewController.swift */ = {isa = PBXFileReference; lastKnownFileType = sourcecode.swift; path = ViewController.swift; sourceTree = "<group>"; };
		22FA7F4D2CDCF35A004B1690 /* Base */ = {isa = PBXFileReference; lastKnownFileType = file.storyboard; name = Base; path = Base.lproj/Main.storyboard; sourceTree = "<group>"; };
		22FA7F4F2CDCF35C004B1690 /* Assets.xcassets */ = {isa = PBXFileReference; lastKnownFileType = folder.assetcatalog; name = Assets.xcassets; path = OverwatchHeroesInfo/Assets.xcassets; sourceTree = "<group>"; };
		22FA7F522CDCF35C004B1690 /* Base */ = {isa = PBXFileReference; lastKnownFileType = file.storyboard; name = Base; path = Base.lproj/LaunchScreen.storyboard; sourceTree = "<group>"; };
		22FA7F542CDCF35C004B1690 /* Info.plist */ = {isa = PBXFileReference; lastKnownFileType = text.plist.xml; name = Info.plist; path = ../Info.plist; sourceTree = "<group>"; };
		22FA7F622CDCF7A9004B1690 /* HeroesListViewController.swift */ = {isa = PBXFileReference; lastKnownFileType = sourcecode.swift; path = HeroesListViewController.swift; sourceTree = "<group>"; };
		22FA7F642CDCF7BC004B1690 /* HeroesListPresenter.swift */ = {isa = PBXFileReference; lastKnownFileType = sourcecode.swift; path = HeroesListPresenter.swift; sourceTree = "<group>"; };
		22FA7F662CDCF7CE004B1690 /* HeroesListInteractor.swift */ = {isa = PBXFileReference; lastKnownFileType = sourcecode.swift; path = HeroesListInteractor.swift; sourceTree = "<group>"; };
		22FA7F682CDCF7DF004B1690 /* HeroesListRouter.swift */ = {isa = PBXFileReference; lastKnownFileType = sourcecode.swift; path = HeroesListRouter.swift; sourceTree = "<group>"; };
		22FA7F6A2CDCF7F1004B1690 /* HeroesListConfigurator.swift */ = {isa = PBXFileReference; lastKnownFileType = sourcecode.swift; path = HeroesListConfigurator.swift; sourceTree = "<group>"; };
		22FA7F6C2CDCF805004B1690 /* NetworkManager.swift */ = {isa = PBXFileReference; lastKnownFileType = sourcecode.swift; path = NetworkManager.swift; sourceTree = "<group>"; };
		22FA7F6E2CDCF80F004B1690 /* StorageManager.swift */ = {isa = PBXFileReference; lastKnownFileType = sourcecode.swift; path = StorageManager.swift; sourceTree = "<group>"; };
		22FA7F702CDCFAD4004B1690 /* HeroCell.swift */ = {isa = PBXFileReference; lastKnownFileType = sourcecode.swift; path = HeroCell.swift; sourceTree = "<group>"; };
		22FA7F722CDCFC1B004B1690 /* Hero.swift */ = {isa = PBXFileReference; lastKnownFileType = sourcecode.swift; path = Hero.swift; sourceTree = "<group>"; };
		22FA7F7A2CDD0380004B1690 /* HeroCellPresenter.swift */ = {isa = PBXFileReference; lastKnownFileType = sourcecode.swift; path = HeroCellPresenter.swift; sourceTree = "<group>"; };
		22FA7F7C2CDD038C004B1690 /* HeroCellInteractor.swift */ = {isa = PBXFileReference; lastKnownFileType = sourcecode.swift; path = HeroCellInteractor.swift; sourceTree = "<group>"; };
		22FA7F822CDD11CC004B1690 /* HeroCellConfigurator.swift */ = {isa = PBXFileReference; lastKnownFileType = sourcecode.swift; path = HeroCellConfigurator.swift; sourceTree = "<group>"; };
		22FA7F842CDD34FB004B1690 /* HeroDetailsViewController.swift */ = {isa = PBXFileReference; lastKnownFileType = sourcecode.swift; path = HeroDetailsViewController.swift; sourceTree = "<group>"; };
		22FA7F862CDD3512004B1690 /* HeroDetailsPresenter.swift */ = {isa = PBXFileReference; lastKnownFileType = sourcecode.swift; path = HeroDetailsPresenter.swift; sourceTree = "<group>"; };
		22FA7F882CDD3529004B1690 /* HeroDetailsInteractor.swift */ = {isa = PBXFileReference; lastKnownFileType = sourcecode.swift; path = HeroDetailsInteractor.swift; sourceTree = "<group>"; };
		22FA7F8B2CDD3544004B1690 /* HeroDetailsConfigurator.swift */ = {isa = PBXFileReference; lastKnownFileType = sourcecode.swift; path = HeroDetailsConfigurator.swift; sourceTree = "<group>"; };
		22FA7FA32CE24B76004B1690 /* LikedHeroesListViewController.swift */ = {isa = PBXFileReference; lastKnownFileType = sourcecode.swift; path = LikedHeroesListViewController.swift; sourceTree = "<group>"; };
/* End PBXFileReference section */

/* Begin PBXFrameworksBuildPhase section */
		22FA7F402CDCF35A004B1690 /* Frameworks */ = {
			isa = PBXFrameworksBuildPhase;
			buildActionMask = 2147483647;
			files = (
				2299565B2D2811AD00A42BDE /* RealmSwift in Frameworks */,
				2299565D2D2811BA00A42BDE /* Alamofire in Frameworks */,
			);
			runOnlyForDeploymentPostprocessing = 0;
		};
/* End PBXFrameworksBuildPhase section */

/* Begin PBXGroup section */
		22FA7F3A2CDCF35A004B1690 = {
			isa = PBXGroup;
			children = (
				22FA7F452CDCF35A004B1690 /* OverwatchHeroesInfo */,
				22FA7F4F2CDCF35C004B1690 /* Assets.xcassets */,
				22FA7F442CDCF35A004B1690 /* Products */,
			);
			sourceTree = "<group>";
		};
		22FA7F442CDCF35A004B1690 /* Products */ = {
			isa = PBXGroup;
			children = (
				22FA7F432CDCF35A004B1690 /* OverwatchHeroesInfo.app */,
			);
			name = Products;
			sourceTree = "<group>";
		};
		22FA7F452CDCF35A004B1690 /* OverwatchHeroesInfo */ = {
			isa = PBXGroup;
			children = (
				22FA7F612CDCF78D004B1690 /* HeroCell */,
				22FA7F602CDCF757004B1690 /* HeroDetails */,
				22FA7F5F2CDCF74C004B1690 /* LikedHeroesList */,
				22FA7F5E2CDCF73D004B1690 /* HeroesList */,
				22FA7F5D2CDCF734004B1690 /* Services */,
				22FA7F5C2CDCF72D004B1690 /* Models */,
				22FA7F4A2CDCF35A004B1690 /* ViewController.swift */,
				22FA7F792CDD00E5004B1690 /* Storyboards */,
				22FA7F5B2CDCF6BE004B1690 /* App */,
			);
			path = OverwatchHeroesInfo;
			sourceTree = "<group>";
		};
		22FA7F5B2CDCF6BE004B1690 /* App */ = {
			isa = PBXGroup;
			children = (
				22FA7F482CDCF35A004B1690 /* SceneDelegate.swift */,
				22FA7F542CDCF35C004B1690 /* Info.plist */,
				22FA7F462CDCF35A004B1690 /* AppDelegate.swift */,
			);
			path = App;
			sourceTree = "<group>";
		};
		22FA7F5C2CDCF72D004B1690 /* Models */ = {
			isa = PBXGroup;
			children = (
				22FA7F722CDCFC1B004B1690 /* Hero.swift */,
			);
			path = Models;
			sourceTree = "<group>";
		};
		22FA7F5D2CDCF734004B1690 /* Services */ = {
			isa = PBXGroup;
			children = (
				22FA7F6C2CDCF805004B1690 /* NetworkManager.swift */,
				22FA7F6E2CDCF80F004B1690 /* StorageManager.swift */,
				229956582D27F91D00A42BDE /* DataManager.swift */,
			);
			path = Services;
			sourceTree = "<group>";
		};
		22FA7F5E2CDCF73D004B1690 /* HeroesList */ = {
			isa = PBXGroup;
			children = (
				22FA7F622CDCF7A9004B1690 /* HeroesListViewController.swift */,
				22FA7F642CDCF7BC004B1690 /* HeroesListPresenter.swift */,
				22FA7F662CDCF7CE004B1690 /* HeroesListInteractor.swift */,
				22FA7F682CDCF7DF004B1690 /* HeroesListRouter.swift */,
				22FA7F6A2CDCF7F1004B1690 /* HeroesListConfigurator.swift */,
			);
			path = HeroesList;
			sourceTree = "<group>";
		};
		22FA7F5F2CDCF74C004B1690 /* LikedHeroesList */ = {
			isa = PBXGroup;
			children = (
				22FA7FA32CE24B76004B1690 /* LikedHeroesListViewController.swift */,
				224A45AA2CE3B76C00CAC233 /* LikedHeroesListPresenter.swift */,
				224A45AC2CE3B77A00CAC233 /* LikedHeroesListInteractor.swift */,
				224A45AE2CE3B79000CAC233 /* LikedHeroesListRouter.swift */,
				224A45B02CE3BF9000CAC233 /* LikedHeroListConfigurator.swift */,
			);
			path = LikedHeroesList;
			sourceTree = "<group>";
		};
		22FA7F602CDCF757004B1690 /* HeroDetails */ = {
			isa = PBXGroup;
			children = (
				22FA7F842CDD34FB004B1690 /* HeroDetailsViewController.swift */,
				22FA7F862CDD3512004B1690 /* HeroDetailsPresenter.swift */,
				22FA7F882CDD3529004B1690 /* HeroDetailsInteractor.swift */,
				22FA7F8B2CDD3544004B1690 /* HeroDetailsConfigurator.swift */,
			);
			path = HeroDetails;
			sourceTree = "<group>";
		};
		22FA7F612CDCF78D004B1690 /* HeroCell */ = {
			isa = PBXGroup;
			children = (
				22FA7F702CDCFAD4004B1690 /* HeroCell.swift */,
				22FA7F7A2CDD0380004B1690 /* HeroCellPresenter.swift */,
				22FA7F7C2CDD038C004B1690 /* HeroCellInteractor.swift */,
				22FA7F822CDD11CC004B1690 /* HeroCellConfigurator.swift */,
			);
			path = HeroCell;
			sourceTree = "<group>";
		};
		22FA7F792CDD00E5004B1690 /* Storyboards */ = {
			isa = PBXGroup;
			children = (
				22FA7F4C2CDCF35A004B1690 /* Main.storyboard */,
				22FA7F512CDCF35C004B1690 /* LaunchScreen.storyboard */,
			);
			path = Storyboards;
			sourceTree = "<group>";
		};
/* End PBXGroup section */

/* Begin PBXNativeTarget section */
		22FA7F422CDCF35A004B1690 /* OverwatchHeroesInfo */ = {
			isa = PBXNativeTarget;
			buildConfigurationList = 22FA7F572CDCF35C004B1690 /* Build configuration list for PBXNativeTarget "OverwatchHeroesInfo" */;
			buildPhases = (
				22FA7F3F2CDCF35A004B1690 /* Sources */,
				22FA7F402CDCF35A004B1690 /* Frameworks */,
				22FA7F412CDCF35A004B1690 /* Resources */,
			);
			buildRules = (
			);
			dependencies = (
			);
			name = OverwatchHeroesInfo;
			packageProductDependencies = (
				2299565A2D2811AD00A42BDE /* RealmSwift */,
				2299565C2D2811BA00A42BDE /* Alamofire */,
			);
			productName = OverwatchHeroesInfo;
			productReference = 22FA7F432CDCF35A004B1690 /* OverwatchHeroesInfo.app */;
			productType = "com.apple.product-type.application";
		};
/* End PBXNativeTarget section */

/* Begin PBXProject section */
		22FA7F3B2CDCF35A004B1690 /* Project object */ = {
			isa = PBXProject;
			attributes = {
				BuildIndependentTargetsInParallel = 1;
				LastSwiftUpdateCheck = 1540;
				LastUpgradeCheck = 1540;
				TargetAttributes = {
					22FA7F422CDCF35A004B1690 = {
						CreatedOnToolsVersion = 15.4;
					};
				};
			};
			buildConfigurationList = 22FA7F3E2CDCF35A004B1690 /* Build configuration list for PBXProject "OverwatchHeroesInfo" */;
			compatibilityVersion = "Xcode 14.0";
			developmentRegion = en;
			hasScannedForEncodings = 0;
			knownRegions = (
				en,
				Base,
			);
			mainGroup = 22FA7F3A2CDCF35A004B1690;
			packageReferences = (
				22FA7F742CDCFF59004B1690 /* XCRemoteSwiftPackageReference "Alamofire" */,
				22FA7FA02CE23F2C004B1690 /* XCRemoteSwiftPackageReference "realm-swift" */,
			);
			productRefGroup = 22FA7F442CDCF35A004B1690 /* Products */;
			projectDirPath = "";
			projectRoot = "";
			targets = (
				22FA7F422CDCF35A004B1690 /* OverwatchHeroesInfo */,
			);
		};
/* End PBXProject section */

/* Begin PBXResourcesBuildPhase section */
		22FA7F412CDCF35A004B1690 /* Resources */ = {
			isa = PBXResourcesBuildPhase;
			buildActionMask = 2147483647;
			files = (
				22FA7F502CDCF35C004B1690 /* Assets.xcassets in Resources */,
				22FA7F532CDCF35C004B1690 /* Base in Resources */,
				22FA7F4E2CDCF35A004B1690 /* Base in Resources */,
			);
			runOnlyForDeploymentPostprocessing = 0;
		};
/* End PBXResourcesBuildPhase section */

/* Begin PBXSourcesBuildPhase section */
		22FA7F3F2CDCF35A004B1690 /* Sources */ = {
			isa = PBXSourcesBuildPhase;
			buildActionMask = 2147483647;
			files = (
				224A45AF2CE3B79000CAC233 /* LikedHeroesListRouter.swift in Sources */,
				22FA7F6D2CDCF805004B1690 /* NetworkManager.swift in Sources */,
				22FA7F652CDCF7BD004B1690 /* HeroesListPresenter.swift in Sources */,
				22FA7F4B2CDCF35A004B1690 /* ViewController.swift in Sources */,
				22FA7F892CDD3529004B1690 /* HeroDetailsInteractor.swift in Sources */,
				22FA7FA42CE24B76004B1690 /* LikedHeroesListViewController.swift in Sources */,
				22FA7F672CDCF7CE004B1690 /* HeroesListInteractor.swift in Sources */,
				22FA7F472CDCF35A004B1690 /* AppDelegate.swift in Sources */,
				22FA7F6B2CDCF7F1004B1690 /* HeroesListConfigurator.swift in Sources */,
				22FA7F7D2CDD038C004B1690 /* HeroCellInteractor.swift in Sources */,
				22FA7F632CDCF7A9004B1690 /* HeroesListViewController.swift in Sources */,
				22FA7F6F2CDCF80F004B1690 /* StorageManager.swift in Sources */,
				224A45AB2CE3B76C00CAC233 /* LikedHeroesListPresenter.swift in Sources */,
				22FA7F8C2CDD3544004B1690 /* HeroDetailsConfigurator.swift in Sources */,
				22FA7F712CDCFAD4004B1690 /* HeroCell.swift in Sources */,
				22FA7F832CDD11CC004B1690 /* HeroCellConfigurator.swift in Sources */,
				224A45B12CE3BF9000CAC233 /* LikedHeroListConfigurator.swift in Sources */,
				22FA7F692CDCF7DF004B1690 /* HeroesListRouter.swift in Sources */,
				22FA7F492CDCF35A004B1690 /* SceneDelegate.swift in Sources */,
				22FA7F852CDD34FB004B1690 /* HeroDetailsViewController.swift in Sources */,
				22FA7F7B2CDD0380004B1690 /* HeroCellPresenter.swift in Sources */,
				229956592D27F91D00A42BDE /* DataManager.swift in Sources */,
				22FA7F872CDD3512004B1690 /* HeroDetailsPresenter.swift in Sources */,
				224A45AD2CE3B77A00CAC233 /* LikedHeroesListInteractor.swift in Sources */,
				22FA7F732CDCFC1B004B1690 /* Hero.swift in Sources */,
			);
			runOnlyForDeploymentPostprocessing = 0;
		};
/* End PBXSourcesBuildPhase section */

/* Begin PBXVariantGroup section */
		22FA7F4C2CDCF35A004B1690 /* Main.storyboard */ = {
			isa = PBXVariantGroup;
			children = (
				22FA7F4D2CDCF35A004B1690 /* Base */,
			);
			name = Main.storyboard;
			sourceTree = "<group>";
		};
		22FA7F512CDCF35C004B1690 /* LaunchScreen.storyboard */ = {
			isa = PBXVariantGroup;
			children = (
				22FA7F522CDCF35C004B1690 /* Base */,
			);
			name = LaunchScreen.storyboard;
			sourceTree = "<group>";
		};
/* End PBXVariantGroup section */

/* Begin XCBuildConfiguration section */
		22FA7F552CDCF35C004B1690 /* Debug */ = {
			isa = XCBuildConfiguration;
			buildSettings = {
				ALWAYS_SEARCH_USER_PATHS = NO;
				ASSETCATALOG_COMPILER_GENERATE_SWIFT_ASSET_SYMBOL_EXTENSIONS = YES;
				CLANG_ANALYZER_NONNULL = YES;
				CLANG_ANALYZER_NUMBER_OBJECT_CONVERSION = YES_AGGRESSIVE;
				CLANG_CXX_LANGUAGE_STANDARD = "gnu++20";
				CLANG_ENABLE_MODULES = YES;
				CLANG_ENABLE_OBJC_ARC = YES;
				CLANG_ENABLE_OBJC_WEAK = YES;
				CLANG_WARN_BLOCK_CAPTURE_AUTORELEASING = YES;
				CLANG_WARN_BOOL_CONVERSION = YES;
				CLANG_WARN_COMMA = YES;
				CLANG_WARN_CONSTANT_CONVERSION = YES;
				CLANG_WARN_DEPRECATED_OBJC_IMPLEMENTATIONS = YES;
				CLANG_WARN_DIRECT_OBJC_ISA_USAGE = YES_ERROR;
				CLANG_WARN_DOCUMENTATION_COMMENTS = YES;
				CLANG_WARN_EMPTY_BODY = YES;
				CLANG_WARN_ENUM_CONVERSION = YES;
				CLANG_WARN_INFINITE_RECURSION = YES;
				CLANG_WARN_INT_CONVERSION = YES;
				CLANG_WARN_NON_LITERAL_NULL_CONVERSION = YES;
				CLANG_WARN_OBJC_IMPLICIT_RETAIN_SELF = YES;
				CLANG_WARN_OBJC_LITERAL_CONVERSION = YES;
				CLANG_WARN_OBJC_ROOT_CLASS = YES_ERROR;
				CLANG_WARN_QUOTED_INCLUDE_IN_FRAMEWORK_HEADER = YES;
				CLANG_WARN_RANGE_LOOP_ANALYSIS = YES;
				CLANG_WARN_STRICT_PROTOTYPES = YES;
				CLANG_WARN_SUSPICIOUS_MOVE = YES;
				CLANG_WARN_UNGUARDED_AVAILABILITY = YES_AGGRESSIVE;
				CLANG_WARN_UNREACHABLE_CODE = YES;
				CLANG_WARN__DUPLICATE_METHOD_MATCH = YES;
				COPY_PHASE_STRIP = NO;
				DEBUG_INFORMATION_FORMAT = dwarf;
				ENABLE_STRICT_OBJC_MSGSEND = YES;
				ENABLE_TESTABILITY = YES;
				ENABLE_USER_SCRIPT_SANDBOXING = YES;
				GCC_C_LANGUAGE_STANDARD = gnu17;
				GCC_DYNAMIC_NO_PIC = NO;
				GCC_NO_COMMON_BLOCKS = YES;
				GCC_OPTIMIZATION_LEVEL = 0;
				GCC_PREPROCESSOR_DEFINITIONS = (
					"DEBUG=1",
					"$(inherited)",
				);
				GCC_WARN_64_TO_32_BIT_CONVERSION = YES;
				GCC_WARN_ABOUT_RETURN_TYPE = YES_ERROR;
				GCC_WARN_UNDECLARED_SELECTOR = YES;
				GCC_WARN_UNINITIALIZED_AUTOS = YES_AGGRESSIVE;
				GCC_WARN_UNUSED_FUNCTION = YES;
				GCC_WARN_UNUSED_VARIABLE = YES;
				IPHONEOS_DEPLOYMENT_TARGET = 17.5;
				LOCALIZATION_PREFERS_STRING_CATALOGS = YES;
				MTL_ENABLE_DEBUG_INFO = INCLUDE_SOURCE;
				MTL_FAST_MATH = YES;
				ONLY_ACTIVE_ARCH = YES;
				SDKROOT = iphoneos;
				SWIFT_ACTIVE_COMPILATION_CONDITIONS = "DEBUG $(inherited)";
				SWIFT_OPTIMIZATION_LEVEL = "-Onone";
			};
			name = Debug;
		};
		22FA7F562CDCF35C004B1690 /* Release */ = {
			isa = XCBuildConfiguration;
			buildSettings = {
				ALWAYS_SEARCH_USER_PATHS = NO;
				ASSETCATALOG_COMPILER_GENERATE_SWIFT_ASSET_SYMBOL_EXTENSIONS = YES;
				CLANG_ANALYZER_NONNULL = YES;
				CLANG_ANALYZER_NUMBER_OBJECT_CONVERSION = YES_AGGRESSIVE;
				CLANG_CXX_LANGUAGE_STANDARD = "gnu++20";
				CLANG_ENABLE_MODULES = YES;
				CLANG_ENABLE_OBJC_ARC = YES;
				CLANG_ENABLE_OBJC_WEAK = YES;
				CLANG_WARN_BLOCK_CAPTURE_AUTORELEASING = YES;
				CLANG_WARN_BOOL_CONVERSION = YES;
				CLANG_WARN_COMMA = YES;
				CLANG_WARN_CONSTANT_CONVERSION = YES;
				CLANG_WARN_DEPRECATED_OBJC_IMPLEMENTATIONS = YES;
				CLANG_WARN_DIRECT_OBJC_ISA_USAGE = YES_ERROR;
				CLANG_WARN_DOCUMENTATION_COMMENTS = YES;
				CLANG_WARN_EMPTY_BODY = YES;
				CLANG_WARN_ENUM_CONVERSION = YES;
				CLANG_WARN_INFINITE_RECURSION = YES;
				CLANG_WARN_INT_CONVERSION = YES;
				CLANG_WARN_NON_LITERAL_NULL_CONVERSION = YES;
				CLANG_WARN_OBJC_IMPLICIT_RETAIN_SELF = YES;
				CLANG_WARN_OBJC_LITERAL_CONVERSION = YES;
				CLANG_WARN_OBJC_ROOT_CLASS = YES_ERROR;
				CLANG_WARN_QUOTED_INCLUDE_IN_FRAMEWORK_HEADER = YES;
				CLANG_WARN_RANGE_LOOP_ANALYSIS = YES;
				CLANG_WARN_STRICT_PROTOTYPES = YES;
				CLANG_WARN_SUSPICIOUS_MOVE = YES;
				CLANG_WARN_UNGUARDED_AVAILABILITY = YES_AGGRESSIVE;
				CLANG_WARN_UNREACHABLE_CODE = YES;
				CLANG_WARN__DUPLICATE_METHOD_MATCH = YES;
				COPY_PHASE_STRIP = NO;
				DEBUG_INFORMATION_FORMAT = "dwarf-with-dsym";
				ENABLE_NS_ASSERTIONS = NO;
				ENABLE_STRICT_OBJC_MSGSEND = YES;
				ENABLE_USER_SCRIPT_SANDBOXING = YES;
				GCC_C_LANGUAGE_STANDARD = gnu17;
				GCC_NO_COMMON_BLOCKS = YES;
				GCC_WARN_64_TO_32_BIT_CONVERSION = YES;
				GCC_WARN_ABOUT_RETURN_TYPE = YES_ERROR;
				GCC_WARN_UNDECLARED_SELECTOR = YES;
				GCC_WARN_UNINITIALIZED_AUTOS = YES_AGGRESSIVE;
				GCC_WARN_UNUSED_FUNCTION = YES;
				GCC_WARN_UNUSED_VARIABLE = YES;
				IPHONEOS_DEPLOYMENT_TARGET = 17.5;
				LOCALIZATION_PREFERS_STRING_CATALOGS = YES;
				MTL_ENABLE_DEBUG_INFO = NO;
				MTL_FAST_MATH = YES;
				SDKROOT = iphoneos;
				SWIFT_COMPILATION_MODE = wholemodule;
				VALIDATE_PRODUCT = YES;
			};
			name = Release;
		};
		22FA7F582CDCF35C004B1690 /* Debug */ = {
			isa = XCBuildConfiguration;
			buildSettings = {
				ASSETCATALOG_COMPILER_APPICON_NAME = AppIcon;
				ASSETCATALOG_COMPILER_GLOBAL_ACCENT_COLOR_NAME = AccentColor;
				CODE_SIGN_STYLE = Automatic;
				CURRENT_PROJECT_VERSION = 1;
				DEVELOPMENT_TEAM = H9XV7H58JV;
				GENERATE_INFOPLIST_FILE = YES;
				INFOPLIST_FILE = OverwatchHeroesInfo/Info.plist;
				INFOPLIST_KEY_UIApplicationSupportsIndirectInputEvents = YES;
				INFOPLIST_KEY_UILaunchStoryboardName = LaunchScreen;
				INFOPLIST_KEY_UIMainStoryboardFile = Main;
				INFOPLIST_KEY_UISupportedInterfaceOrientations = UIInterfaceOrientationPortrait;
				INFOPLIST_KEY_UISupportedInterfaceOrientations_iPad = "UIInterfaceOrientationLandscapeLeft UIInterfaceOrientationLandscapeRight UIInterfaceOrientationPortrait UIInterfaceOrientationPortraitUpsideDown";
				LD_RUNPATH_SEARCH_PATHS = (
					"$(inherited)",
					"@executable_path/Frameworks",
				);
				MARKETING_VERSION = 1.0;
				PRODUCT_BUNDLE_IDENTIFIER = Chron1um.OverwatchHeroesInfo;
				PRODUCT_NAME = "$(TARGET_NAME)";
				SUPPORTED_PLATFORMS = "iphoneos iphonesimulator";
				SUPPORTS_MACCATALYST = NO;
				SUPPORTS_MAC_DESIGNED_FOR_IPHONE_IPAD = NO;
				SUPPORTS_XR_DESIGNED_FOR_IPHONE_IPAD = NO;
				SWIFT_EMIT_LOC_STRINGS = YES;
				SWIFT_VERSION = 5.0;
				TARGETED_DEVICE_FAMILY = 1;
			};
			name = Debug;
		};
		22FA7F592CDCF35C004B1690 /* Release */ = {
			isa = XCBuildConfiguration;
			buildSettings = {
				ASSETCATALOG_COMPILER_APPICON_NAME = AppIcon;
				ASSETCATALOG_COMPILER_GLOBAL_ACCENT_COLOR_NAME = AccentColor;
				CODE_SIGN_STYLE = Automatic;
				CURRENT_PROJECT_VERSION = 1;
				DEVELOPMENT_TEAM = H9XV7H58JV;
				GENERATE_INFOPLIST_FILE = YES;
				INFOPLIST_FILE = OverwatchHeroesInfo/Info.plist;
				INFOPLIST_KEY_UIApplicationSupportsIndirectInputEvents = YES;
				INFOPLIST_KEY_UILaunchStoryboardName = LaunchScreen;
				INFOPLIST_KEY_UIMainStoryboardFile = Main;
				INFOPLIST_KEY_UISupportedInterfaceOrientations = UIInterfaceOrientationPortrait;
				INFOPLIST_KEY_UISupportedInterfaceOrientations_iPad = "UIInterfaceOrientationLandscapeLeft UIInterfaceOrientationLandscapeRight UIInterfaceOrientationPortrait UIInterfaceOrientationPortraitUpsideDown";
				LD_RUNPATH_SEARCH_PATHS = (
					"$(inherited)",
					"@executable_path/Frameworks",
				);
				MARKETING_VERSION = 1.0;
				PRODUCT_BUNDLE_IDENTIFIER = Chron1um.OverwatchHeroesInfo;
				PRODUCT_NAME = "$(TARGET_NAME)";
				SUPPORTED_PLATFORMS = "iphoneos iphonesimulator";
				SUPPORTS_MACCATALYST = NO;
				SUPPORTS_MAC_DESIGNED_FOR_IPHONE_IPAD = NO;
				SUPPORTS_XR_DESIGNED_FOR_IPHONE_IPAD = NO;
				SWIFT_EMIT_LOC_STRINGS = YES;
				SWIFT_VERSION = 5.0;
				TARGETED_DEVICE_FAMILY = 1;
			};
			name = Release;
		};
/* End XCBuildConfiguration section */

/* Begin XCConfigurationList section */
		22FA7F3E2CDCF35A004B1690 /* Build configuration list for PBXProject "OverwatchHeroesInfo" */ = {
			isa = XCConfigurationList;
			buildConfigurations = (
				22FA7F552CDCF35C004B1690 /* Debug */,
				22FA7F562CDCF35C004B1690 /* Release */,
			);
			defaultConfigurationIsVisible = 0;
			defaultConfigurationName = Release;
		};
		22FA7F572CDCF35C004B1690 /* Build configuration list for PBXNativeTarget "OverwatchHeroesInfo" */ = {
			isa = XCConfigurationList;
			buildConfigurations = (
				22FA7F582CDCF35C004B1690 /* Debug */,
				22FA7F592CDCF35C004B1690 /* Release */,
			);
			defaultConfigurationIsVisible = 0;
			defaultConfigurationName = Release;
		};
/* End XCConfigurationList section */

/* Begin XCRemoteSwiftPackageReference section */
		22FA7F742CDCFF59004B1690 /* XCRemoteSwiftPackageReference "Alamofire" */ = {
			isa = XCRemoteSwiftPackageReference;
			repositoryURL = "https://github.com/Alamofire/Alamofire";
			requirement = {
				kind = upToNextMajorVersion;
				minimumVersion = 5.10.1;
			};
		};
		22FA7FA02CE23F2C004B1690 /* XCRemoteSwiftPackageReference "realm-swift" */ = {
			isa = XCRemoteSwiftPackageReference;
			repositoryURL = "https://github.com/realm/realm-swift.git";
			requirement = {
				branch = master;
				kind = branch;
			};
		};
/* End XCRemoteSwiftPackageReference section */

/* Begin XCSwiftPackageProductDependency section */
		2299565A2D2811AD00A42BDE /* RealmSwift */ = {
			isa = XCSwiftPackageProductDependency;
			package = 22FA7FA02CE23F2C004B1690 /* XCRemoteSwiftPackageReference "realm-swift" */;
			productName = RealmSwift;
		};
		2299565C2D2811BA00A42BDE /* Alamofire */ = {
			isa = XCSwiftPackageProductDependency;
			package = 22FA7F742CDCFF59004B1690 /* XCRemoteSwiftPackageReference "Alamofire" */;
			productName = Alamofire;
		};
/* End XCSwiftPackageProductDependency section */
	};
	rootObject = 22FA7F3B2CDCF35A004B1690 /* Project object */;
}
